
Microsoft Visual Studio Solution File, Format Version 12.00
# Visual Studio Version 16
VisualStudioVersion = 16.0.31205.134
MinimumVisualStudioVersion = 10.0.40219.1
Project("{E24C65DC-7377-472B-9ABA-BC803B73C61A}") = "ImageSelector", "http://localhost:61237", "{CD4C688F-396D-434E-A864-735E14227E9C}"
	ProjectSection(WebsiteProperties) = preProject
		UseIISExpress = "true"
		TargetFrameworkMoniker = ".NETFramework,Version%3Dv4.0"
		Debug.AspNetCompiler.VirtualPath = "/localhost_61237"
		Debug.AspNetCompiler.PhysicalPath = "..\ImageSelector\"
		Debug.AspNetCompiler.TargetPath = "PrecompiledWeb\localhost_61237\"
		Debug.AspNetCompiler.Updateable = "true"
		Debug.AspNetCompiler.ForceOverwrite = "true"
		Debug.AspNetCompiler.FixedNames = "false"
		Debug.AspNetCompiler.Debug = "True"
		Release.AspNetCompiler.VirtualPath = "/localhost_61237"
		Release.AspNetCompiler.PhysicalPath = "..\ImageSelector\"
		Release.AspNetCompiler.TargetPath = "PrecompiledWeb\localhost_61237\"
		Release.AspNetCompiler.Updateable = "true"
		Release.AspNetCompiler.ForceOverwrite = "true"
		Release.AspNetCompiler.FixedNames = "false"
		Release.AspNetCompiler.Debug = "False"
		SlnRelativePath = "..\ImageSelector\"
	EndProjectSection
EndProject
Global
	GlobalSection(SolutionConfigurationPlatforms) = preSolution
		Debug|Any CPU = Debug|Any CPU
	EndGlobalSection
	GlobalSection(ProjectConfigurationPlatforms) = postSolution
		{CD4C688F-396D-434E-A864-735E14227E9C}.Debug|Any CPU.ActiveCfg = Debug|Any CPU
		{CD4C688F-396D-434E-A864-735E14227E9C}.Debug|Any CPU.Build.0 = Debug|Any CPU
	EndGlobalSection
	GlobalSection(SolutionProperties) = preSolution
		HideSolutionNode = FALSE
	EndGlobalSection
	GlobalSection(ExtensibilityGlobals) = postSolution
		SolutionGuid = {D646080C-F074-4898-A7E8-0B66C42C955E}
	EndGlobalSection
EndGlobal
